// !$*UTF8*$!
{
	archiveVersion = 1;
	classes = {
	};
	objectVersion = 55;
	objects = {

/* Begin PBXBuildFile section */
		06A30B53106DFA20CD052E32 /* Pods_BookClubApp.framework in Frameworks */ = {isa = PBXBuildFile; fileRef = 32AEB839CFB8B7EA689F184D /* Pods_BookClubApp.framework */; };
		2508F10C27E223C800467FDE /* AppDelegate.swift in Sources */ = {isa = PBXBuildFile; fileRef = 2508F10B27E223C800467FDE /* AppDelegate.swift */; };
		2508F10E27E223C800467FDE /* SceneDelegate.swift in Sources */ = {isa = PBXBuildFile; fileRef = 2508F10D27E223C800467FDE /* SceneDelegate.swift */; };
		2508F11027E223C800467FDE /* LoginViewController.swift in Sources */ = {isa = PBXBuildFile; fileRef = 2508F10F27E223C800467FDE /* LoginViewController.swift */; };
		2508F11327E223C800467FDE /* Main.storyboard in Resources */ = {isa = PBXBuildFile; fileRef = 2508F11127E223C800467FDE /* Main.storyboard */; };
		2508F11527E223CA00467FDE /* Assets.xcassets in Resources */ = {isa = PBXBuildFile; fileRef = 2508F11427E223CA00467FDE /* Assets.xcassets */; };
		2508F11827E223CA00467FDE /* LaunchScreen.storyboard in Resources */ = {isa = PBXBuildFile; fileRef = 2508F11627E223CA00467FDE /* LaunchScreen.storyboard */; };
		2508F12527E2243F00467FDE /* Book.swift in Sources */ = {isa = PBXBuildFile; fileRef = 2508F12427E2243F00467FDE /* Book.swift */; };
		2508F12727E229A200467FDE /* Comment.swift in Sources */ = {isa = PBXBuildFile; fileRef = 2508F12627E229A200467FDE /* Comment.swift */; };
		2508F12927E229E900467FDE /* User.swift in Sources */ = {isa = PBXBuildFile; fileRef = 2508F12827E229E900467FDE /* User.swift */; };
		2508F12B27E22A4400467FDE /* Shelf.swift in Sources */ = {isa = PBXBuildFile; fileRef = 2508F12A27E22A4400467FDE /* Shelf.swift */; };
		2508F12D27E22AD600467FDE /* UserProfile.swift in Sources */ = {isa = PBXBuildFile; fileRef = 2508F12C27E22AD600467FDE /* UserProfile.swift */; };
		2508F12F27E22B5400467FDE /* Rating.swift in Sources */ = {isa = PBXBuildFile; fileRef = 2508F12E27E22B5400467FDE /* Rating.swift */; };
		2508F13127E2400500467FDE /* BookRating.swift in Sources */ = {isa = PBXBuildFile; fileRef = 2508F13027E2400500467FDE /* BookRating.swift */; };
		2508F13927E2679B00467FDE /* BookClubAppTests.swift in Sources */ = {isa = PBXBuildFile; fileRef = 2508F13827E2679B00467FDE /* BookClubAppTests.swift */; };
		2508F14027E2686300467FDE /* userTest.swift in Sources */ = {isa = PBXBuildFile; fileRef = 2508F13F27E2686300467FDE /* userTest.swift */; };
		2508F14527E36F8700467FDE /* RegisterViewController.swift in Sources */ = {isa = PBXBuildFile; fileRef = 2508F14327E36F8700467FDE /* RegisterViewController.swift */; };
		2508F14B27E3A7B400467FDE /* HomeViewController.swift in Sources */ = {isa = PBXBuildFile; fileRef = 2508F14927E3A7B400467FDE /* HomeViewController.swift */; };
		2508F14C27E3A7B400467FDE /* HomeViewController.xib in Resources */ = {isa = PBXBuildFile; fileRef = 2508F14A27E3A7B400467FDE /* HomeViewController.xib */; };
		2508F14F27E3AA2300467FDE /* ShelfViewController.swift in Sources */ = {isa = PBXBuildFile; fileRef = 2508F14D27E3AA2300467FDE /* ShelfViewController.swift */; };
		2508F15027E3AA2300467FDE /* ShelfViewController.xib in Resources */ = {isa = PBXBuildFile; fileRef = 2508F14E27E3AA2300467FDE /* ShelfViewController.xib */; };
		2508F15727E3AAB100467FDE /* SettingsViewController.swift in Sources */ = {isa = PBXBuildFile; fileRef = 2508F15527E3AAB100467FDE /* SettingsViewController.swift */; };
		2508F15827E3AAB100467FDE /* SettingsViewController.xib in Resources */ = {isa = PBXBuildFile; fileRef = 2508F15627E3AAB100467FDE /* SettingsViewController.xib */; };
		2508F15B27E3AAC700467FDE /* FriendsViewController.swift in Sources */ = {isa = PBXBuildFile; fileRef = 2508F15927E3AAC700467FDE /* FriendsViewController.swift */; };
		2508F15C27E3AAC700467FDE /* FriendsViewController.xib in Resources */ = {isa = PBXBuildFile; fileRef = 2508F15A27E3AAC700467FDE /* FriendsViewController.xib */; };
		2508F15F27E3AB0B00467FDE /* MainViewController.swift in Sources */ = {isa = PBXBuildFile; fileRef = 2508F15D27E3AB0B00467FDE /* MainViewController.swift */; };
		2508F16027E3AB0B00467FDE /* MainViewController.xib in Resources */ = {isa = PBXBuildFile; fileRef = 2508F15E27E3AB0B00467FDE /* MainViewController.xib */; };
		2508F16327E3AEEF00467FDE /* BookViewController.swift in Sources */ = {isa = PBXBuildFile; fileRef = 2508F16127E3AEEF00467FDE /* BookViewController.swift */; };
		2508F16427E3AEEF00467FDE /* BookViewController.xib in Resources */ = {isa = PBXBuildFile; fileRef = 2508F16227E3AEEF00467FDE /* BookViewController.xib */; };
		2508F16927E3C91F00467FDE /* FriendTableViewCell.swift in Sources */ = {isa = PBXBuildFile; fileRef = 2508F16727E3C91F00467FDE /* FriendTableViewCell.swift */; };
		2508F16A27E3C91F00467FDE /* FriendTableViewCell.xib in Resources */ = {isa = PBXBuildFile; fileRef = 2508F16827E3C91F00467FDE /* FriendTableViewCell.xib */; };
		95639BF6D69CB1CD653E65D3 /* Pods_BookClubAppTests.framework in Frameworks */ = {isa = PBXBuildFile; fileRef = 6582112C15BD1F6FF38314C4 /* Pods_BookClubAppTests.framework */; };
/* End PBXBuildFile section */

/* Begin PBXContainerItemProxy section */
		2508F13A27E2679B00467FDE /* PBXContainerItemProxy */ = {
			isa = PBXContainerItemProxy;
			containerPortal = 2508F10027E223C800467FDE /* Project object */;
			proxyType = 1;
			remoteGlobalIDString = 2508F10727E223C800467FDE;
			remoteInfo = BookClubApp;
		};
/* End PBXContainerItemProxy section */

/* Begin PBXFileReference section */
		1BA7E24BD2140E6127E78F02 /* Pods-BookClubAppTests.release.xcconfig */ = {isa = PBXFileReference; includeInIndex = 1; lastKnownFileType = text.xcconfig; name = "Pods-BookClubAppTests.release.xcconfig"; path = "Target Support Files/Pods-BookClubAppTests/Pods-BookClubAppTests.release.xcconfig"; sourceTree = "<group>"; };
		2508F10827E223C800467FDE /* BookClubApp.app */ = {isa = PBXFileReference; explicitFileType = wrapper.application; includeInIndex = 0; path = BookClubApp.app; sourceTree = BUILT_PRODUCTS_DIR; };
		2508F10B27E223C800467FDE /* AppDelegate.swift */ = {isa = PBXFileReference; lastKnownFileType = sourcecode.swift; path = AppDelegate.swift; sourceTree = "<group>"; };
		2508F10D27E223C800467FDE /* SceneDelegate.swift */ = {isa = PBXFileReference; lastKnownFileType = sourcecode.swift; path = SceneDelegate.swift; sourceTree = "<group>"; };
		2508F10F27E223C800467FDE /* LoginViewController.swift */ = {isa = PBXFileReference; lastKnownFileType = sourcecode.swift; path = LoginViewController.swift; sourceTree = "<group>"; };
		2508F11227E223C800467FDE /* Base */ = {isa = PBXFileReference; lastKnownFileType = file.storyboard; name = Base; path = Base.lproj/Main.storyboard; sourceTree = "<group>"; };
		2508F11427E223CA00467FDE /* Assets.xcassets */ = {isa = PBXFileReference; lastKnownFileType = folder.assetcatalog; path = Assets.xcassets; sourceTree = "<group>"; };
		2508F11727E223CA00467FDE /* Base */ = {isa = PBXFileReference; lastKnownFileType = file.storyboard; name = Base; path = Base.lproj/LaunchScreen.storyboard; sourceTree = "<group>"; };
		2508F11927E223CA00467FDE /* Info.plist */ = {isa = PBXFileReference; lastKnownFileType = text.plist.xml; path = Info.plist; sourceTree = "<group>"; };
		2508F12427E2243F00467FDE /* Book.swift */ = {isa = PBXFileReference; lastKnownFileType = sourcecode.swift; path = Book.swift; sourceTree = "<group>"; };
		2508F12627E229A200467FDE /* Comment.swift */ = {isa = PBXFileReference; lastKnownFileType = sourcecode.swift; path = Comment.swift; sourceTree = "<group>"; };
		2508F12827E229E900467FDE /* User.swift */ = {isa = PBXFileReference; lastKnownFileType = sourcecode.swift; path = User.swift; sourceTree = "<group>"; };
		2508F12A27E22A4400467FDE /* Shelf.swift */ = {isa = PBXFileReference; lastKnownFileType = sourcecode.swift; path = Shelf.swift; sourceTree = "<group>"; };
		2508F12C27E22AD600467FDE /* UserProfile.swift */ = {isa = PBXFileReference; lastKnownFileType = sourcecode.swift; path = UserProfile.swift; sourceTree = "<group>"; };
		2508F12E27E22B5400467FDE /* Rating.swift */ = {isa = PBXFileReference; lastKnownFileType = sourcecode.swift; path = Rating.swift; sourceTree = "<group>"; };
		2508F13027E2400500467FDE /* BookRating.swift */ = {isa = PBXFileReference; lastKnownFileType = sourcecode.swift; path = BookRating.swift; sourceTree = "<group>"; };
		2508F13627E2679B00467FDE /* BookClubAppTests.xctest */ = {isa = PBXFileReference; explicitFileType = wrapper.cfbundle; includeInIndex = 0; path = BookClubAppTests.xctest; sourceTree = BUILT_PRODUCTS_DIR; };
		2508F13827E2679B00467FDE /* BookClubAppTests.swift */ = {isa = PBXFileReference; lastKnownFileType = sourcecode.swift; path = BookClubAppTests.swift; sourceTree = "<group>"; };
		2508F13F27E2686300467FDE /* userTest.swift */ = {isa = PBXFileReference; lastKnownFileType = sourcecode.swift; path = userTest.swift; sourceTree = "<group>"; };
		2508F14327E36F8700467FDE /* RegisterViewController.swift */ = {isa = PBXFileReference; lastKnownFileType = sourcecode.swift; path = RegisterViewController.swift; sourceTree = "<group>"; };
		2508F14927E3A7B400467FDE /* HomeViewController.swift */ = {isa = PBXFileReference; lastKnownFileType = sourcecode.swift; path = HomeViewController.swift; sourceTree = "<group>"; };
		2508F14A27E3A7B400467FDE /* HomeViewController.xib */ = {isa = PBXFileReference; lastKnownFileType = file.xib; path = HomeViewController.xib; sourceTree = "<group>"; };
		2508F14D27E3AA2300467FDE /* ShelfViewController.swift */ = {isa = PBXFileReference; lastKnownFileType = sourcecode.swift; path = ShelfViewController.swift; sourceTree = "<group>"; };
		2508F14E27E3AA2300467FDE /* ShelfViewController.xib */ = {isa = PBXFileReference; lastKnownFileType = file.xib; path = ShelfViewController.xib; sourceTree = "<group>"; };
		2508F15527E3AAB100467FDE /* SettingsViewController.swift */ = {isa = PBXFileReference; lastKnownFileType = sourcecode.swift; path = SettingsViewController.swift; sourceTree = "<group>"; };
		2508F15627E3AAB100467FDE /* SettingsViewController.xib */ = {isa = PBXFileReference; lastKnownFileType = file.xib; path = SettingsViewController.xib; sourceTree = "<group>"; };
		2508F15927E3AAC700467FDE /* FriendsViewController.swift */ = {isa = PBXFileReference; lastKnownFileType = sourcecode.swift; path = FriendsViewController.swift; sourceTree = "<group>"; };
		2508F15A27E3AAC700467FDE /* FriendsViewController.xib */ = {isa = PBXFileReference; lastKnownFileType = file.xib; path = FriendsViewController.xib; sourceTree = "<group>"; };
		2508F15D27E3AB0B00467FDE /* MainViewController.swift */ = {isa = PBXFileReference; lastKnownFileType = sourcecode.swift; path = MainViewController.swift; sourceTree = "<group>"; };
		2508F15E27E3AB0B00467FDE /* MainViewController.xib */ = {isa = PBXFileReference; lastKnownFileType = file.xib; path = MainViewController.xib; sourceTree = "<group>"; };
		2508F16127E3AEEF00467FDE /* BookViewController.swift */ = {isa = PBXFileReference; lastKnownFileType = sourcecode.swift; path = BookViewController.swift; sourceTree = "<group>"; };
		2508F16227E3AEEF00467FDE /* BookViewController.xib */ = {isa = PBXFileReference; lastKnownFileType = file.xib; path = BookViewController.xib; sourceTree = "<group>"; };
		2508F16727E3C91F00467FDE /* FriendTableViewCell.swift */ = {isa = PBXFileReference; lastKnownFileType = sourcecode.swift; path = FriendTableViewCell.swift; sourceTree = "<group>"; };
		2508F16827E3C91F00467FDE /* FriendTableViewCell.xib */ = {isa = PBXFileReference; lastKnownFileType = file.xib; path = FriendTableViewCell.xib; sourceTree = "<group>"; };
		32AEB839CFB8B7EA689F184D /* Pods_BookClubApp.framework */ = {isa = PBXFileReference; explicitFileType = wrapper.framework; includeInIndex = 0; path = Pods_BookClubApp.framework; sourceTree = BUILT_PRODUCTS_DIR; };
		5AD398A510CADDB89779640F /* Pods-BookClubApp.release.xcconfig */ = {isa = PBXFileReference; includeInIndex = 1; lastKnownFileType = text.xcconfig; name = "Pods-BookClubApp.release.xcconfig"; path = "Target Support Files/Pods-BookClubApp/Pods-BookClubApp.release.xcconfig"; sourceTree = "<group>"; };
		6582112C15BD1F6FF38314C4 /* Pods_BookClubAppTests.framework */ = {isa = PBXFileReference; explicitFileType = wrapper.framework; includeInIndex = 0; path = Pods_BookClubAppTests.framework; sourceTree = BUILT_PRODUCTS_DIR; };
		BE5D3051C7279BA0D3932C62 /* Pods-BookClubAppTests.debug.xcconfig */ = {isa = PBXFileReference; includeInIndex = 1; lastKnownFileType = text.xcconfig; name = "Pods-BookClubAppTests.debug.xcconfig"; path = "Target Support Files/Pods-BookClubAppTests/Pods-BookClubAppTests.debug.xcconfig"; sourceTree = "<group>"; };
		D6D57E996EB841356E3A6C91 /* Pods-BookClubApp.debug.xcconfig */ = {isa = PBXFileReference; includeInIndex = 1; lastKnownFileType = text.xcconfig; name = "Pods-BookClubApp.debug.xcconfig"; path = "Target Support Files/Pods-BookClubApp/Pods-BookClubApp.debug.xcconfig"; sourceTree = "<group>"; };
/* End PBXFileReference section */

/* Begin PBXFrameworksBuildPhase section */
		2508F10527E223C800467FDE /* Frameworks */ = {
			isa = PBXFrameworksBuildPhase;
			buildActionMask = 2147483647;
			files = (
				06A30B53106DFA20CD052E32 /* Pods_BookClubApp.framework in Frameworks */,
			);
			runOnlyForDeploymentPostprocessing = 0;
		};
		2508F13327E2679B00467FDE /* Frameworks */ = {
			isa = PBXFrameworksBuildPhase;
			buildActionMask = 2147483647;
			files = (
				95639BF6D69CB1CD653E65D3 /* Pods_BookClubAppTests.framework in Frameworks */,
			);
			runOnlyForDeploymentPostprocessing = 0;
		};
/* End PBXFrameworksBuildPhase section */

/* Begin PBXGroup section */
		2508F0FF27E223C800467FDE = {
			isa = PBXGroup;
			children = (
				2508F10A27E223C800467FDE /* BookClubApp */,
				2508F13727E2679B00467FDE /* BookClubAppTests */,
				2508F10927E223C800467FDE /* Products */,
				F0F327D464F4AED2610CA8A2 /* Pods */,
				7283F6B50F141946D00785F5 /* Frameworks */,
			);
			sourceTree = "<group>";
		};
		2508F10927E223C800467FDE /* Products */ = {
			isa = PBXGroup;
			children = (
				2508F10827E223C800467FDE /* BookClubApp.app */,
				2508F13627E2679B00467FDE /* BookClubAppTests.xctest */,
			);
			name = Products;
			sourceTree = "<group>";
		};
		2508F10A27E223C800467FDE /* BookClubApp */ = {
			isa = PBXGroup;
			children = (
				2508F12327E223FB00467FDE /* Supporting Files */,
				2508F12127E223E700467FDE /* Controllers */,
				2508F12027E223E100467FDE /* Views */,
				2508F11F27E223DB00467FDE /* Models */,
			);
			path = BookClubApp;
			sourceTree = "<group>";
		};
		2508F11F27E223DB00467FDE /* Models */ = {
			isa = PBXGroup;
			children = (
				2508F12427E2243F00467FDE /* Book.swift */,
				2508F12627E229A200467FDE /* Comment.swift */,
				2508F12827E229E900467FDE /* User.swift */,
				2508F12A27E22A4400467FDE /* Shelf.swift */,
				2508F12C27E22AD600467FDE /* UserProfile.swift */,
				2508F12E27E22B5400467FDE /* Rating.swift */,
				2508F13027E2400500467FDE /* BookRating.swift */,
			);
			path = Models;
			sourceTree = "<group>";
		};
		2508F12027E223E100467FDE /* Views */ = {
			isa = PBXGroup;
			children = (
				2508F16D27E3C95F00467FDE /* TableViewCells */,
				2508F16C27E3C94C00467FDE /* ViewControllers */,
				2508F16B27E3C92F00467FDE /* Storyboards */,
			);
			path = Views;
			sourceTree = "<group>";
		};
		2508F12127E223E700467FDE /* Controllers */ = {
			isa = PBXGroup;
			children = (
				2508F16F27E3CD1300467FDE /* TableViewCell */,
				2508F10F27E223C800467FDE /* LoginViewController.swift */,
				2508F14327E36F8700467FDE /* RegisterViewController.swift */,
				2508F14927E3A7B400467FDE /* HomeViewController.swift */,
				2508F14D27E3AA2300467FDE /* ShelfViewController.swift */,
				2508F15527E3AAB100467FDE /* SettingsViewController.swift */,
				2508F15927E3AAC700467FDE /* FriendsViewController.swift */,
				2508F15D27E3AB0B00467FDE /* MainViewController.swift */,
				2508F16127E3AEEF00467FDE /* BookViewController.swift */,
			);
			path = Controllers;
			sourceTree = "<group>";
		};
		2508F12327E223FB00467FDE /* Supporting Files */ = {
			isa = PBXGroup;
			children = (
				2508F10B27E223C800467FDE /* AppDelegate.swift */,
				2508F10D27E223C800467FDE /* SceneDelegate.swift */,
				2508F11427E223CA00467FDE /* Assets.xcassets */,
				2508F11927E223CA00467FDE /* Info.plist */,
			);
			path = "Supporting Files";
			sourceTree = "<group>";
		};
		2508F13727E2679B00467FDE /* BookClubAppTests */ = {
			isa = PBXGroup;
			children = (
				2508F13F27E2686300467FDE /* userTest.swift */,
				2508F13827E2679B00467FDE /* BookClubAppTests.swift */,
			);
			path = BookClubAppTests;
			sourceTree = "<group>";
		};
		2508F16B27E3C92F00467FDE /* Storyboards */ = {
			isa = PBXGroup;
			children = (
				2508F11627E223CA00467FDE /* LaunchScreen.storyboard */,
				2508F11127E223C800467FDE /* Main.storyboard */,
			);
			path = Storyboards;
			sourceTree = "<group>";
		};
		2508F16C27E3C94C00467FDE /* ViewControllers */ = {
			isa = PBXGroup;
			children = (
				2508F14A27E3A7B400467FDE /* HomeViewController.xib */,
				2508F14E27E3AA2300467FDE /* ShelfViewController.xib */,
				2508F15627E3AAB100467FDE /* SettingsViewController.xib */,
				2508F15A27E3AAC700467FDE /* FriendsViewController.xib */,
				2508F15E27E3AB0B00467FDE /* MainViewController.xib */,
				2508F16227E3AEEF00467FDE /* BookViewController.xib */,
			);
			path = ViewControllers;
			sourceTree = "<group>";
		};
		2508F16D27E3C95F00467FDE /* TableViewCells */ = {
			isa = PBXGroup;
			children = (
				2508F16827E3C91F00467FDE /* FriendTableViewCell.xib */,
			);
			path = TableViewCells;
			sourceTree = "<group>";
		};
		2508F16F27E3CD1300467FDE /* TableViewCell */ = {
			isa = PBXGroup;
			children = (
				2508F16727E3C91F00467FDE /* FriendTableViewCell.swift */,
			);
			path = TableViewCell;
			sourceTree = "<group>";
		};
		7283F6B50F141946D00785F5 /* Frameworks */ = {
			isa = PBXGroup;
			children = (
				32AEB839CFB8B7EA689F184D /* Pods_BookClubApp.framework */,
				6582112C15BD1F6FF38314C4 /* Pods_BookClubAppTests.framework */,
			);
			name = Frameworks;
			sourceTree = "<group>";
		};
		F0F327D464F4AED2610CA8A2 /* Pods */ = {
			isa = PBXGroup;
			children = (
				D6D57E996EB841356E3A6C91 /* Pods-BookClubApp.debug.xcconfig */,
				5AD398A510CADDB89779640F /* Pods-BookClubApp.release.xcconfig */,
				BE5D3051C7279BA0D3932C62 /* Pods-BookClubAppTests.debug.xcconfig */,
				1BA7E24BD2140E6127E78F02 /* Pods-BookClubAppTests.release.xcconfig */,
			);
			name = Pods;
			path = Pods;
			sourceTree = "<group>";
		};
/* End PBXGroup section */

/* Begin PBXNativeTarget section */
		2508F10727E223C800467FDE /* BookClubApp */ = {
			isa = PBXNativeTarget;
			buildConfigurationList = 2508F11C27E223CA00467FDE /* Build configuration list for PBXNativeTarget "BookClubApp" */;
			buildPhases = (
				5350B6BACE00246FED02440A /* [CP] Check Pods Manifest.lock */,
				2508F10427E223C800467FDE /* Sources */,
				2508F10527E223C800467FDE /* Frameworks */,
				2508F10627E223C800467FDE /* Resources */,
				1B5C0762AAE4AA75B064AEBA /* [CP] Embed Pods Frameworks */,
			);
			buildRules = (
			);
			dependencies = (
			);
			name = BookClubApp;
			productName = BookClubApp;
			productReference = 2508F10827E223C800467FDE /* BookClubApp.app */;
			productType = "com.apple.product-type.application";
		};
		2508F13527E2679B00467FDE /* BookClubAppTests */ = {
			isa = PBXNativeTarget;
			buildConfigurationList = 2508F13C27E2679B00467FDE /* Build configuration list for PBXNativeTarget "BookClubAppTests" */;
			buildPhases = (
				BF85FA8992ABDBF7AF18849F /* [CP] Check Pods Manifest.lock */,
				2508F13227E2679B00467FDE /* Sources */,
				2508F13327E2679B00467FDE /* Frameworks */,
				2508F13427E2679B00467FDE /* Resources */,
			);
			buildRules = (
			);
			dependencies = (
				2508F13B27E2679B00467FDE /* PBXTargetDependency */,
			);
			name = BookClubAppTests;
			productName = BookClubAppTests;
			productReference = 2508F13627E2679B00467FDE /* BookClubAppTests.xctest */;
			productType = "com.apple.product-type.bundle.unit-test";
		};
/* End PBXNativeTarget section */

/* Begin PBXProject section */
		2508F10027E223C800467FDE /* Project object */ = {
			isa = PBXProject;
			attributes = {
				BuildIndependentTargetsInParallel = 1;
				LastSwiftUpdateCheck = 1320;
				LastUpgradeCheck = 1320;
				TargetAttributes = {
					2508F10727E223C800467FDE = {
						CreatedOnToolsVersion = 13.2.1;
					};
					2508F13527E2679B00467FDE = {
						CreatedOnToolsVersion = 13.2.1;
						TestTargetID = 2508F10727E223C800467FDE;
					};
				};
			};
			buildConfigurationList = 2508F10327E223C800467FDE /* Build configuration list for PBXProject "BookClubApp" */;
			compatibilityVersion = "Xcode 13.0";
			developmentRegion = en;
			hasScannedForEncodings = 0;
			knownRegions = (
				en,
				Base,
			);
			mainGroup = 2508F0FF27E223C800467FDE;
			productRefGroup = 2508F10927E223C800467FDE /* Products */;
			projectDirPath = "";
			projectRoot = "";
			targets = (
				2508F10727E223C800467FDE /* BookClubApp */,
				2508F13527E2679B00467FDE /* BookClubAppTests */,
			);
		};
/* End PBXProject section */

/* Begin PBXResourcesBuildPhase section */
		2508F10627E223C800467FDE /* Resources */ = {
			isa = PBXResourcesBuildPhase;
			buildActionMask = 2147483647;
			files = (
				2508F11827E223CA00467FDE /* LaunchScreen.storyboard in Resources */,
				2508F15027E3AA2300467FDE /* ShelfViewController.xib in Resources */,
				2508F11527E223CA00467FDE /* Assets.xcassets in Resources */,
				2508F14C27E3A7B400467FDE /* HomeViewController.xib in Resources */,
				2508F16027E3AB0B00467FDE /* MainViewController.xib in Resources */,
				2508F16A27E3C91F00467FDE /* FriendTableViewCell.xib in Resources */,
				2508F15C27E3AAC700467FDE /* FriendsViewController.xib in Resources */,
				2508F11327E223C800467FDE /* Main.storyboard in Resources */,
				2508F16427E3AEEF00467FDE /* BookViewController.xib in Resources */,
				2508F15827E3AAB100467FDE /* SettingsViewController.xib in Resources */,
			);
			runOnlyForDeploymentPostprocessing = 0;
		};
		2508F13427E2679B00467FDE /* Resources */ = {
			isa = PBXResourcesBuildPhase;
			buildActionMask = 2147483647;
			files = (
			);
			runOnlyForDeploymentPostprocessing = 0;
		};
/* End PBXResourcesBuildPhase section */

/* Begin PBXShellScriptBuildPhase section */
		1B5C0762AAE4AA75B064AEBA /* [CP] Embed Pods Frameworks */ = {
			isa = PBXShellScriptBuildPhase;
			buildActionMask = 2147483647;
			files = (
			);
			inputFileListPaths = (
				"${PODS_ROOT}/Target Support Files/Pods-BookClubApp/Pods-BookClubApp-frameworks-${CONFIGURATION}-input-files.xcfilelist",
			);
			name = "[CP] Embed Pods Frameworks";
			outputFileListPaths = (
				"${PODS_ROOT}/Target Support Files/Pods-BookClubApp/Pods-BookClubApp-frameworks-${CONFIGURATION}-output-files.xcfilelist",
			);
			runOnlyForDeploymentPostprocessing = 0;
			shellPath = /bin/sh;
			shellScript = "\"${PODS_ROOT}/Target Support Files/Pods-BookClubApp/Pods-BookClubApp-frameworks.sh\"\n";
			showEnvVarsInLog = 0;
		};
		5350B6BACE00246FED02440A /* [CP] Check Pods Manifest.lock */ = {
			isa = PBXShellScriptBuildPhase;
			buildActionMask = 2147483647;
			files = (
			);
			inputFileListPaths = (
			);
			inputPaths = (
				"${PODS_PODFILE_DIR_PATH}/Podfile.lock",
				"${PODS_ROOT}/Manifest.lock",
			);
			name = "[CP] Check Pods Manifest.lock";
			outputFileListPaths = (
			);
			outputPaths = (
				"$(DERIVED_FILE_DIR)/Pods-BookClubApp-checkManifestLockResult.txt",
			);
			runOnlyForDeploymentPostprocessing = 0;
			shellPath = /bin/sh;
			shellScript = "diff \"${PODS_PODFILE_DIR_PATH}/Podfile.lock\" \"${PODS_ROOT}/Manifest.lock\" > /dev/null\nif [ $? != 0 ] ; then\n    # print error to STDERR\n    echo \"error: The sandbox is not in sync with the Podfile.lock. Run 'pod install' or update your CocoaPods installation.\" >&2\n    exit 1\nfi\n# This output is used by Xcode 'outputs' to avoid re-running this script phase.\necho \"SUCCESS\" > \"${SCRIPT_OUTPUT_FILE_0}\"\n";
			showEnvVarsInLog = 0;
		};
		BF85FA8992ABDBF7AF18849F /* [CP] Check Pods Manifest.lock */ = {
			isa = PBXShellScriptBuildPhase;
			buildActionMask = 2147483647;
			files = (
			);
			inputFileListPaths = (
			);
			inputPaths = (
				"${PODS_PODFILE_DIR_PATH}/Podfile.lock",
				"${PODS_ROOT}/Manifest.lock",
			);
			name = "[CP] Check Pods Manifest.lock";
			outputFileListPaths = (
			);
			outputPaths = (
				"$(DERIVED_FILE_DIR)/Pods-BookClubAppTests-checkManifestLockResult.txt",
			);
			runOnlyForDeploymentPostprocessing = 0;
			shellPath = /bin/sh;
			shellScript = "diff \"${PODS_PODFILE_DIR_PATH}/Podfile.lock\" \"${PODS_ROOT}/Manifest.lock\" > /dev/null\nif [ $? != 0 ] ; then\n    # print error to STDERR\n    echo \"error: The sandbox is not in sync with the Podfile.lock. Run 'pod install' or update your CocoaPods installation.\" >&2\n    exit 1\nfi\n# This output is used by Xcode 'outputs' to avoid re-running this script phase.\necho \"SUCCESS\" > \"${SCRIPT_OUTPUT_FILE_0}\"\n";
			showEnvVarsInLog = 0;
		};
/* End PBXShellScriptBuildPhase section */

/* Begin PBXSourcesBuildPhase section */
		2508F10427E223C800467FDE /* Sources */ = {
			isa = PBXSourcesBuildPhase;
			buildActionMask = 2147483647;
			files = (
				2508F15B27E3AAC700467FDE /* FriendsViewController.swift in Sources */,
				2508F12727E229A200467FDE /* Comment.swift in Sources */,
				2508F14527E36F8700467FDE /* RegisterViewController.swift in Sources */,
				2508F12527E2243F00467FDE /* Book.swift in Sources */,
				2508F12927E229E900467FDE /* User.swift in Sources */,
				2508F11027E223C800467FDE /* LoginViewController.swift in Sources */,
				2508F14F27E3AA2300467FDE /* ShelfViewController.swift in Sources */,
				2508F15F27E3AB0B00467FDE /* MainViewController.swift in Sources */,
				2508F15727E3AAB100467FDE /* SettingsViewController.swift in Sources */,
				2508F12D27E22AD600467FDE /* UserProfile.swift in Sources */,
				2508F10C27E223C800467FDE /* AppDelegate.swift in Sources */,
				2508F12F27E22B5400467FDE /* Rating.swift in Sources */,
				2508F13127E2400500467FDE /* BookRating.swift in Sources */,
				2508F10E27E223C800467FDE /* SceneDelegate.swift in Sources */,
				2508F12B27E22A4400467FDE /* Shelf.swift in Sources */,
				2508F16327E3AEEF00467FDE /* BookViewController.swift in Sources */,
				2508F14B27E3A7B400467FDE /* HomeViewController.swift in Sources */,
				2508F16927E3C91F00467FDE /* FriendTableViewCell.swift in Sources */,
			);
			runOnlyForDeploymentPostprocessing = 0;
		};
		2508F13227E2679B00467FDE /* Sources */ = {
			isa = PBXSourcesBuildPhase;
			buildActionMask = 2147483647;
			files = (
				2508F14027E2686300467FDE /* userTest.swift in Sources */,
				2508F13927E2679B00467FDE /* BookClubAppTests.swift in Sources */,
			);
			runOnlyForDeploymentPostprocessing = 0;
		};
/* End PBXSourcesBuildPhase section */

/* Begin PBXTargetDependency section */
		2508F13B27E2679B00467FDE /* PBXTargetDependency */ = {
			isa = PBXTargetDependency;
			target = 2508F10727E223C800467FDE /* BookClubApp */;
			targetProxy = 2508F13A27E2679B00467FDE /* PBXContainerItemProxy */;
		};
/* End PBXTargetDependency section */

/* Begin PBXVariantGroup section */
		2508F11127E223C800467FDE /* Main.storyboard */ = {
			isa = PBXVariantGroup;
			children = (
				2508F11227E223C800467FDE /* Base */,
			);
			name = Main.storyboard;
			sourceTree = "<group>";
		};
		2508F11627E223CA00467FDE /* LaunchScreen.storyboard */ = {
			isa = PBXVariantGroup;
			children = (
				2508F11727E223CA00467FDE /* Base */,
			);
			name = LaunchScreen.storyboard;
			sourceTree = "<group>";
		};
/* End PBXVariantGroup section */

/* Begin XCBuildConfiguration section */
		2508F11A27E223CA00467FDE /* Debug */ = {
			isa = XCBuildConfiguration;
			buildSettings = {
				ALWAYS_SEARCH_USER_PATHS = NO;
				CLANG_ANALYZER_NONNULL = YES;
				CLANG_ANALYZER_NUMBER_OBJECT_CONVERSION = YES_AGGRESSIVE;
				CLANG_CXX_LANGUAGE_STANDARD = "gnu++17";
				CLANG_CXX_LIBRARY = "libc++";
				CLANG_ENABLE_MODULES = YES;
				CLANG_ENABLE_OBJC_ARC = YES;
				CLANG_ENABLE_OBJC_WEAK = YES;
				CLANG_WARN_BLOCK_CAPTURE_AUTORELEASING = YES;
				CLANG_WARN_BOOL_CONVERSION = YES;
				CLANG_WARN_COMMA = YES;
				CLANG_WARN_CONSTANT_CONVERSION = YES;
				CLANG_WARN_DEPRECATED_OBJC_IMPLEMENTATIONS = YES;
				CLANG_WARN_DIRECT_OBJC_ISA_USAGE = YES_ERROR;
				CLANG_WARN_DOCUMENTATION_COMMENTS = YES;
				CLANG_WARN_EMPTY_BODY = YES;
				CLANG_WARN_ENUM_CONVERSION = YES;
				CLANG_WARN_INFINITE_RECURSION = YES;
				CLANG_WARN_INT_CONVERSION = YES;
				CLANG_WARN_NON_LITERAL_NULL_CONVERSION = YES;
				CLANG_WARN_OBJC_IMPLICIT_RETAIN_SELF = YES;
				CLANG_WARN_OBJC_LITERAL_CONVERSION = YES;
				CLANG_WARN_OBJC_ROOT_CLASS = YES_ERROR;
				CLANG_WARN_QUOTED_INCLUDE_IN_FRAMEWORK_HEADER = YES;
				CLANG_WARN_RANGE_LOOP_ANALYSIS = YES;
				CLANG_WARN_STRICT_PROTOTYPES = YES;
				CLANG_WARN_SUSPICIOUS_MOVE = YES;
				CLANG_WARN_UNGUARDED_AVAILABILITY = YES_AGGRESSIVE;
				CLANG_WARN_UNREACHABLE_CODE = YES;
				CLANG_WARN__DUPLICATE_METHOD_MATCH = YES;
				COPY_PHASE_STRIP = NO;
				DEBUG_INFORMATION_FORMAT = dwarf;
				ENABLE_STRICT_OBJC_MSGSEND = YES;
				ENABLE_TESTABILITY = YES;
				GCC_C_LANGUAGE_STANDARD = gnu11;
				GCC_DYNAMIC_NO_PIC = NO;
				GCC_NO_COMMON_BLOCKS = YES;
				GCC_OPTIMIZATION_LEVEL = 0;
				GCC_PREPROCESSOR_DEFINITIONS = (
					"DEBUG=1",
					"$(inherited)",
				);
				GCC_WARN_64_TO_32_BIT_CONVERSION = YES;
				GCC_WARN_ABOUT_RETURN_TYPE = YES_ERROR;
				GCC_WARN_UNDECLARED_SELECTOR = YES;
				GCC_WARN_UNINITIALIZED_AUTOS = YES_AGGRESSIVE;
				GCC_WARN_UNUSED_FUNCTION = YES;
				GCC_WARN_UNUSED_VARIABLE = YES;
				IPHONEOS_DEPLOYMENT_TARGET = 15.2;
				MTL_ENABLE_DEBUG_INFO = INCLUDE_SOURCE;
				MTL_FAST_MATH = YES;
				ONLY_ACTIVE_ARCH = YES;
				SDKROOT = iphoneos;
				SWIFT_ACTIVE_COMPILATION_CONDITIONS = DEBUG;
				SWIFT_OPTIMIZATION_LEVEL = "-Onone";
			};
			name = Debug;
		};
		2508F11B27E223CA00467FDE /* Release */ = {
			isa = XCBuildConfiguration;
			buildSettings = {
				ALWAYS_SEARCH_USER_PATHS = NO;
				CLANG_ANALYZER_NONNULL = YES;
				CLANG_ANALYZER_NUMBER_OBJECT_CONVERSION = YES_AGGRESSIVE;
				CLANG_CXX_LANGUAGE_STANDARD = "gnu++17";
				CLANG_CXX_LIBRARY = "libc++";
				CLANG_ENABLE_MODULES = YES;
				CLANG_ENABLE_OBJC_ARC = YES;
				CLANG_ENABLE_OBJC_WEAK = YES;
				CLANG_WARN_BLOCK_CAPTURE_AUTORELEASING = YES;
				CLANG_WARN_BOOL_CONVERSION = YES;
				CLANG_WARN_COMMA = YES;
				CLANG_WARN_CONSTANT_CONVERSION = YES;
				CLANG_WARN_DEPRECATED_OBJC_IMPLEMENTATIONS = YES;
				CLANG_WARN_DIRECT_OBJC_ISA_USAGE = YES_ERROR;
				CLANG_WARN_DOCUMENTATION_COMMENTS = YES;
				CLANG_WARN_EMPTY_BODY = YES;
				CLANG_WARN_ENUM_CONVERSION = YES;
				CLANG_WARN_INFINITE_RECURSION = YES;
				CLANG_WARN_INT_CONVERSION = YES;
				CLANG_WARN_NON_LITERAL_NULL_CONVERSION = YES;
				CLANG_WARN_OBJC_IMPLICIT_RETAIN_SELF = YES;
				CLANG_WARN_OBJC_LITERAL_CONVERSION = YES;
				CLANG_WARN_OBJC_ROOT_CLASS = YES_ERROR;
				CLANG_WARN_QUOTED_INCLUDE_IN_FRAMEWORK_HEADER = YES;
				CLANG_WARN_RANGE_LOOP_ANALYSIS = YES;
				CLANG_WARN_STRICT_PROTOTYPES = YES;
				CLANG_WARN_SUSPICIOUS_MOVE = YES;
				CLANG_WARN_UNGUARDED_AVAILABILITY = YES_AGGRESSIVE;
				CLANG_WARN_UNREACHABLE_CODE = YES;
				CLANG_WARN__DUPLICATE_METHOD_MATCH = YES;
				COPY_PHASE_STRIP = NO;
				DEBUG_INFORMATION_FORMAT = "dwarf-with-dsym";
				ENABLE_NS_ASSERTIONS = NO;
				ENABLE_STRICT_OBJC_MSGSEND = YES;
				GCC_C_LANGUAGE_STANDARD = gnu11;
				GCC_NO_COMMON_BLOCKS = YES;
				GCC_WARN_64_TO_32_BIT_CONVERSION = YES;
				GCC_WARN_ABOUT_RETURN_TYPE = YES_ERROR;
				GCC_WARN_UNDECLARED_SELECTOR = YES;
				GCC_WARN_UNINITIALIZED_AUTOS = YES_AGGRESSIVE;
				GCC_WARN_UNUSED_FUNCTION = YES;
				GCC_WARN_UNUSED_VARIABLE = YES;
				IPHONEOS_DEPLOYMENT_TARGET = 15.2;
				MTL_ENABLE_DEBUG_INFO = NO;
				MTL_FAST_MATH = YES;
				SDKROOT = iphoneos;
				SWIFT_COMPILATION_MODE = wholemodule;
				SWIFT_OPTIMIZATION_LEVEL = "-O";
				VALIDATE_PRODUCT = YES;
			};
			name = Release;
		};
		2508F11D27E223CA00467FDE /* Debug */ = {
			isa = XCBuildConfiguration;
			baseConfigurationReference = D6D57E996EB841356E3A6C91 /* Pods-BookClubApp.debug.xcconfig */;
			buildSettings = {
				ASSETCATALOG_COMPILER_APPICON_NAME = AppIcon;
				ASSETCATALOG_COMPILER_GLOBAL_ACCENT_COLOR_NAME = AccentColor;
				CODE_SIGN_STYLE = Automatic;
				CURRENT_PROJECT_VERSION = 1;
				DEVELOPMENT_TEAM = 9A83D6F3A2;
				GENERATE_INFOPLIST_FILE = YES;
				INFOPLIST_FILE = "BookClubApp/Supporting Files/Info.plist";
				INFOPLIST_KEY_UIApplicationSupportsIndirectInputEvents = YES;
				INFOPLIST_KEY_UILaunchStoryboardName = LaunchScreen;
				INFOPLIST_KEY_UIMainStoryboardFile = Main;
				INFOPLIST_KEY_UISupportedInterfaceOrientations_iPad = "UIInterfaceOrientationPortrait UIInterfaceOrientationPortraitUpsideDown UIInterfaceOrientationLandscapeLeft UIInterfaceOrientationLandscapeRight";
				INFOPLIST_KEY_UISupportedInterfaceOrientations_iPhone = "UIInterfaceOrientationPortrait UIInterfaceOrientationLandscapeLeft UIInterfaceOrientationLandscapeRight";
				LD_RUNPATH_SEARCH_PATHS = (
					"$(inherited)",
					"@executable_path/Frameworks",
				);
				MARKETING_VERSION = 1.0;
				PRODUCT_BUNDLE_IDENTIFIER = Suelen.BookClubApp;
				PRODUCT_NAME = "$(TARGET_NAME)";
				SWIFT_EMIT_LOC_STRINGS = YES;
				SWIFT_VERSION = 5.0;
				TARGETED_DEVICE_FAMILY = "1,2";
			};
			name = Debug;
		};
		2508F11E27E223CA00467FDE /* Release */ = {
			isa = XCBuildConfiguration;
			baseConfigurationReference = 5AD398A510CADDB89779640F /* Pods-BookClubApp.release.xcconfig */;
			buildSettings = {
				ASSETCATALOG_COMPILER_APPICON_NAME = AppIcon;
				ASSETCATALOG_COMPILER_GLOBAL_ACCENT_COLOR_NAME = AccentColor;
				CODE_SIGN_STYLE = Automatic;
				CURRENT_PROJECT_VERSION = 1;
				DEVELOPMENT_TEAM = 9A83D6F3A2;
				GENERATE_INFOPLIST_FILE = YES;
				INFOPLIST_FILE = "BookClubApp/Supporting Files/Info.plist";
				INFOPLIST_KEY_UIApplicationSupportsIndirectInputEvents = YES;
				INFOPLIST_KEY_UILaunchStoryboardName = LaunchScreen;
				INFOPLIST_KEY_UIMainStoryboardFile = Main;
				INFOPLIST_KEY_UISupportedInterfaceOrientations_iPad = "UIInterfaceOrientationPortrait UIInterfaceOrientationPortraitUpsideDown UIInterfaceOrientationLandscapeLeft UIInterfaceOrientationLandscapeRight";
				INFOPLIST_KEY_UISupportedInterfaceOrientations_iPhone = "UIInterfaceOrientationPortrait UIInterfaceOrientationLandscapeLeft UIInterfaceOrientationLandscapeRight";
				LD_RUNPATH_SEARCH_PATHS = (
					"$(inherited)",
					"@executable_path/Frameworks",
				);
				MARKETING_VERSION = 1.0;
				PRODUCT_BUNDLE_IDENTIFIER = Suelen.BookClubApp;
				PRODUCT_NAME = "$(TARGET_NAME)";
				SWIFT_EMIT_LOC_STRINGS = YES;
				SWIFT_VERSION = 5.0;
				TARGETED_DEVICE_FAMILY = "1,2";
			};
			name = Release;
		};
		2508F13D27E2679B00467FDE /* Debug */ = {
			isa = XCBuildConfiguration;
			baseConfigurationReference = BE5D3051C7279BA0D3932C62 /* Pods-BookClubAppTests.debug.xcconfig */;
			buildSettings = {
				BUNDLE_LOADER = "$(TEST_HOST)";
				CODE_SIGN_STYLE = Automatic;
				CURRENT_PROJECT_VERSION = 1;
				DEVELOPMENT_TEAM = 9A83D6F3A2;
				GENERATE_INFOPLIST_FILE = YES;
				MARKETING_VERSION = 1.0;
				PRODUCT_BUNDLE_IDENTIFIER = Suelen.BookClubAppTests;
				PRODUCT_NAME = "$(TARGET_NAME)";
				SWIFT_EMIT_LOC_STRINGS = NO;
				SWIFT_VERSION = 5.0;
				TARGETED_DEVICE_FAMILY = "1,2";
				TEST_HOST = "$(BUILT_PRODUCTS_DIR)/BookClubApp.app/BookClubApp";
			};
			name = Debug;
		};
		2508F13E27E2679B00467FDE /* Release */ = {
			isa = XCBuildConfiguration;
			baseConfigurationReference = 1BA7E24BD2140E6127E78F02 /* Pods-BookClubAppTests.release.xcconfig */;
			buildSettings = {
				BUNDLE_LOADER = "$(TEST_HOST)";
				CODE_SIGN_STYLE = Automatic;
				CURRENT_PROJECT_VERSION = 1;
				DEVELOPMENT_TEAM = 9A83D6F3A2;
				GENERATE_INFOPLIST_FILE = YES;
				MARKETING_VERSION = 1.0;
				PRODUCT_BUNDLE_IDENTIFIER = Suelen.BookClubAppTests;
				PRODUCT_NAME = "$(TARGET_NAME)";
				SWIFT_EMIT_LOC_STRINGS = NO;
				SWIFT_VERSION = 5.0;
				TARGETED_DEVICE_FAMILY = "1,2";
				TEST_HOST = "$(BUILT_PRODUCTS_DIR)/BookClubApp.app/BookClubApp";
			};
			name = Release;
		};
/* End XCBuildConfiguration section */

/* Begin XCConfigurationList section */
		2508F10327E223C800467FDE /* Build configuration list for PBXProject "BookClubApp" */ = {
			isa = XCConfigurationList;
			buildConfigurations = (
				2508F11A27E223CA00467FDE /* Debug */,
				2508F11B27E223CA00467FDE /* Release */,
			);
			defaultConfigurationIsVisible = 0;
			defaultConfigurationName = Release;
		};
		2508F11C27E223CA00467FDE /* Build configuration list for PBXNativeTarget "BookClubApp" */ = {
			isa = XCConfigurationList;
			buildConfigurations = (
				2508F11D27E223CA00467FDE /* Debug */,
				2508F11E27E223CA00467FDE /* Release */,
			);
			defaultConfigurationIsVisible = 0;
			defaultConfigurationName = Release;
		};
		2508F13C27E2679B00467FDE /* Build configuration list for PBXNativeTarget "BookClubAppTests" */ = {
			isa = XCConfigurationList;
			buildConfigurations = (
				2508F13D27E2679B00467FDE /* Debug */,
				2508F13E27E2679B00467FDE /* Release */,
			);
			defaultConfigurationIsVisible = 0;
			defaultConfigurationName = Release;
		};
/* End XCConfigurationList section */
	};
	rootObject = 2508F10027E223C800467FDE /* Project object */;
}
